{
  "object": {
    "pins": [
      {
        "package": "AwesomeDictionary",
        "repositoryURL": "https://github.com/pumperknickle/AwesomeDictionary.git",
        "state": {
          "branch": null,
          "revision": "aae45bd08bbe66dbf55099a6fad92153702a1cd4",
          "version": "0.1.1"
        }
      },
      {
        "package": "AwesomeTrie",
        "repositoryURL": "https://github.com/pumperknickle/AwesomeTrie.git",
        "state": {
          "branch": null,
          "revision": "4ce2953fbd810c8bbd4fc979d8d913e2910b4f13",
          "version": "0.1.9"
        }
      },
      {
        "package": "Bedrock",
        "repositoryURL": "https://github.com/pumperknickle/Bedrock.git",
        "state": {
          "branch": null,
          "revision": "fc7f71e7bdaa18a95dd35b770c77216519b2b8c9",
          "version": "0.2.2"
        }
      },
      {
        "package": "CwlCatchException",
        "repositoryURL": "https://github.com/mattgallagher/CwlCatchException.git",
        "state": {
          "branch": null,
          "revision": "682841464136f8c66e04afe5dbd01ab51a3a56f2",
          "version": "2.1.0"
        }
      },
      {
        "package": "CwlPreconditionTesting",
        "repositoryURL": "https://github.com/mattgallagher/CwlPreconditionTesting.git",
        "state": {
          "branch": null,
          "revision": "02b7a39a99c4da27abe03cab2053a9034379639f",
          "version": "2.0.0"
        }
      },
      {
        "package": "Nimble",
        "repositoryURL": "https://github.com/Quick/Nimble.git",
        "state": {
          "branch": null,
          "revision": "af1730dde4e6c0d45bf01b99f8a41713ce536790",
          "version": "9.2.0"
        }
      },
      {
        "package": "Quick",
        "repositoryURL": "https://github.com/Quick/Quick.git",
        "state": {
          "branch": null,
          "revision": "8cce6acd38f965f5baa3167b939f86500314022b",
          "version": "3.1.2"
        }
      }
    ]
  },
  "version": 1
}
